
Microsoft Visual Studio Solution File, Format Version 12.00
# Visual Studio Version 16
VisualStudioVersion = 16.0.29911.84
MinimumVisualStudioVersion = 10.0.40219.1
Project("{FAE04EC0-301F-11D3-BF4B-00C04F79EFBC}") = "WPFUI", "WPFUI\WPFUI.csproj", "{8D6DAFF1-037A-4B7C-A863-3E4AF65AF7B6}"
EndProject
Project("{FAE04EC0-301F-11D3-BF4B-00C04F79EFBC}") = "Engine", "Engine\Engine.csproj", "{903A7D52-1DEF-466A-A779-B07C723E4FB1}"
EndProject
Global
	GlobalSection(SolutionConfigurationPlatforms) = preSolution
		Debug|Any CPU = Debug|Any CPU
		Release|Any CPU = Release|Any CPU
	EndGlobalSection
	GlobalSection(ProjectConfigurationPlatforms) = postSolution
		{8D6DAFF1-037A-4B7C-A863-3E4AF65AF7B6}.Debug|Any CPU.ActiveCfg = Debug|Any CPU
		{8D6DAFF1-037A-4B7C-A863-3E4AF65AF7B6}.Debug|Any CPU.Build.0 = Debug|Any CPU
		{8D6DAFF1-037A-4B7C-A863-3E4AF65AF7B6}.Release|Any CPU.ActiveCfg = Release|Any CPU
		{8D6DAFF1-037A-4B7C-A863-3E4AF65AF7B6}.Release|Any CPU.Build.0 = Release|Any CPU
		{903A7D52-1DEF-466A-A779-B07C723E4FB1}.Debug|Any CPU.ActiveCfg = Debug|Any CPU
		{903A7D52-1DEF-466A-A779-B07C723E4FB1}.Debug|Any CPU.Build.0 = Debug|Any CPU
		{903A7D52-1DEF-466A-A779-B07C723E4FB1}.Release|Any CPU.ActiveCfg = Release|Any CPU
		{903A7D52-1DEF-466A-A779-B07C723E4FB1}.Release|Any CPU.Build.0 = Release|Any CPU
	EndGlobalSection
	GlobalSection(SolutionProperties) = preSolution
		HideSolutionNode = FALSE
	EndGlobalSection
	GlobalSection(ExtensibilityGlobals) = postSolution
		SolutionGuid = {4D246E13-B7B7-46B8-90E3-6DC709E67569}
	EndGlobalSection
EndGlobal
